
Microsoft Visual Studio Solution File, Format Version 12.00
# Visual Studio Version 17
VisualStudioVersion = 17.7.34031.279
MinimumVisualStudioVersion = 10.0.40219.1
Project("{FAE04EC0-301F-11D3-BF4B-00C04F79EFBC}") = "Test-H12-groepsniv-1-NIV-OPG", "Test-H12-groepsniv-1-NIV-OPG\Test-H12-groepsniv-1-NIV-OPG.csproj", "{FACD6C89-EFE2-4FA9-93F3-1AA6D9525371}"
EndProject
Global
	GlobalSection(SolutionConfigurationPlatforms) = preSolution
		Debug|Any CPU = Debug|Any CPU
		Release|Any CPU = Release|Any CPU
	EndGlobalSection
	GlobalSection(ProjectConfigurationPlatforms) = postSolution
		{FACD6C89-EFE2-4FA9-93F3-1AA6D9525371}.Debug|Any CPU.ActiveCfg = Debug|Any CPU
		{FACD6C89-EFE2-4FA9-93F3-1AA6D9525371}.Debug|Any CPU.Build.0 = Debug|Any CPU
		{FACD6C89-EFE2-4FA9-93F3-1AA6D9525371}.Release|Any CPU.ActiveCfg = Release|Any CPU
		{FACD6C89-EFE2-4FA9-93F3-1AA6D9525371}.Release|Any CPU.Build.0 = Release|Any CPU
	EndGlobalSection
	GlobalSection(SolutionProperties) = preSolution
		HideSolutionNode = FALSE
	EndGlobalSection
	GlobalSection(ExtensibilityGlobals) = postSolution
		SolutionGuid = {01303ABC-4E42-4D4E-AB3B-B496F4782A8B}
	EndGlobalSection
EndGlobal
